{
  "name": "task-filewas",
  "version": "0.1.0",
  "lockfileVersion": 3,
  "requires": true,
  "packages": {
    "": {
      "name": "task-filewas",
      "version": "0.1.0",
      "license": "UNLICENSED",
      "workspaces": [
        "backend",
        "frontend",
        "shared"
      ],
      "engines": {
        "node": ">=22.0.0",
        "npm": ">=10.0.0"
      }
    },
    "backend": {
      "name": "@task-filewas/backend",
      "version": "0.1.0",
      "engines": {
        "node": ">=22.0.0"
      }
    },
    "frontend": {
      "name": "@task-filewas/frontend",
      "version": "0.1.0",
      "engines": {
        "node": ">=22.0.0"
      }
    },
    "node_modules/@task-filewas/backend": {
      "resolved": "backend",
      "link": true
    },
    "node_modules/@task-filewas/frontend": {
      "resolved": "frontend",
      "link": true
    },
    "node_modules/@task-filewas/shared": {
      "resolved": "shared",
      "link": true
    },
    "shared": {
      "name": "@task-filewas/shared",
      "version": "0.1.0",
      "engines": {
        "node": ">=22.0.0"
      }
    }
  }
}
